schema: '2.0'
stages:
  prepare:
    cmd: python3 src/data/make_dataset.py
    deps:
    - path: src/data/make_dataset.py
      md5: 72e75edfc5fb4cf4e12021af02e5a653
      size: 669
    outs:
    - path: data/processed
      md5: 0934408ed544a61a2536499dcc4f67f9.dir
      size: 92145
      nfiles: 2
  featurize:
    cmd: python3 src/features/build_features.py
    deps:
    - path: data/processed
      md5: 0934408ed544a61a2536499dcc4f67f9.dir
      size: 92145
      nfiles: 2
    - path: src/features/build_features.py
      md5: f6a46a7d026612440008bb06e3bad46a
      size: 1231
    outs:
    - path: features
      md5: 743808c1a0f95c79210f6492f7c63c47.dir
      size: 6428
      nfiles: 4
  train:
    cmd: python3 src/models/train_model.py
    deps:
    - path: features
      md5: 743808c1a0f95c79210f6492f7c63c47.dir
      size: 6428
      nfiles: 4
    - path: src/models/train_model.py
      md5: 19bf5694a863fad320503725cc66824a
      size: 1159
    params:
      params.yaml:
        lr: 0.032
        model_type: ElasticNet
        random_state: 42
        train:
          alpha: 0.6
          l1_rate: 0.4
    outs:
    - path: models
      md5: 733bd55a0e70ff6dcaea4606cb2c43e0.dir
      size: 814
      nfiles: 1
  evaluate:
    cmd: python3 src/models/predict_model.py
    deps:
    - path: features
      md5: 743808c1a0f95c79210f6492f7c63c47.dir
      size: 6428
      nfiles: 4
    - path: models
      md5: 733bd55a0e70ff6dcaea4606cb2c43e0.dir
      size: 814
      nfiles: 1
    - path: src/models/predict_model.py
      md5: cce38f44a86599113e5fc4b99c11cfd6
      size: 2712
    params:
      params.yaml:
        lr: 0.032
        model_type: ElasticNet
        random_state: 42
        train:
          alpha: 0.6
          l1_rate: 0.4
    outs:
    - path: reports/metrics.json
      md5: e0ae52484d773c4b96288ba947371420
      size: 83
